
Microsoft Visual Studio Solution File, Format Version 12.00
# Visual Studio Version 16
VisualStudioVersion = 16.0.32002.261
MinimumVisualStudioVersion = 10.0.40219.1
Project("{FAE04EC0-301F-11D3-BF4B-00C04F79EFBC}") = "SimConnectWasmHUB", "SimConnectWasmHUB\SimConnectWasmHUB.csproj", "{19403989-990D-4398-95AC-902E95399B2A}"
EndProject
Project("{8BC9CEB8-8B4A-11D0-8D11-00A0C91BC942}") = "WASM_HABI", "WASM_HABI\WASM_HABI.vcxproj", "{A5468B35-BBBD-4C55-97ED-81BFE343B0E4}"
EndProject
Global
	GlobalSection(SolutionConfigurationPlatforms) = preSolution
		Debug|Any CPU = Debug|Any CPU
		Debug|MSFS = Debug|MSFS
		Debug|x64 = Debug|x64
		Release|Any CPU = Release|Any CPU
		Release|MSFS = Release|MSFS
		Release|x64 = Release|x64
	EndGlobalSection
	GlobalSection(ProjectConfigurationPlatforms) = postSolution
		{19403989-990D-4398-95AC-902E95399B2A}.Debug|Any CPU.ActiveCfg = Debug|Any CPU
		{19403989-990D-4398-95AC-902E95399B2A}.Debug|Any CPU.Build.0 = Debug|Any CPU
		{19403989-990D-4398-95AC-902E95399B2A}.Debug|MSFS.ActiveCfg = Debug|Any CPU
		{19403989-990D-4398-95AC-902E95399B2A}.Debug|MSFS.Build.0 = Debug|Any CPU
		{19403989-990D-4398-95AC-902E95399B2A}.Debug|x64.ActiveCfg = Release|x64
		{19403989-990D-4398-95AC-902E95399B2A}.Debug|x64.Build.0 = Release|x64
		{19403989-990D-4398-95AC-902E95399B2A}.Release|Any CPU.ActiveCfg = Release|Any CPU
		{19403989-990D-4398-95AC-902E95399B2A}.Release|Any CPU.Build.0 = Release|Any CPU
		{19403989-990D-4398-95AC-902E95399B2A}.Release|MSFS.ActiveCfg = Release|Any CPU
		{19403989-990D-4398-95AC-902E95399B2A}.Release|MSFS.Build.0 = Release|Any CPU
		{19403989-990D-4398-95AC-902E95399B2A}.Release|x64.ActiveCfg = Release|x64
		{19403989-990D-4398-95AC-902E95399B2A}.Release|x64.Build.0 = Release|x64
		{A5468B35-BBBD-4C55-97ED-81BFE343B0E4}.Debug|Any CPU.ActiveCfg = Debug|MSFS
		{A5468B35-BBBD-4C55-97ED-81BFE343B0E4}.Debug|MSFS.ActiveCfg = Debug|MSFS
		{A5468B35-BBBD-4C55-97ED-81BFE343B0E4}.Debug|MSFS.Build.0 = Debug|MSFS
		{A5468B35-BBBD-4C55-97ED-81BFE343B0E4}.Debug|x64.ActiveCfg = Release|MSFS
		{A5468B35-BBBD-4C55-97ED-81BFE343B0E4}.Debug|x64.Build.0 = Release|MSFS
		{A5468B35-BBBD-4C55-97ED-81BFE343B0E4}.Release|Any CPU.ActiveCfg = Release|MSFS
		{A5468B35-BBBD-4C55-97ED-81BFE343B0E4}.Release|MSFS.ActiveCfg = Release|MSFS
		{A5468B35-BBBD-4C55-97ED-81BFE343B0E4}.Release|MSFS.Build.0 = Release|MSFS
		{A5468B35-BBBD-4C55-97ED-81BFE343B0E4}.Release|x64.ActiveCfg = Release|MSFS
		{A5468B35-BBBD-4C55-97ED-81BFE343B0E4}.Release|x64.Build.0 = Release|MSFS
	EndGlobalSection
	GlobalSection(SolutionProperties) = preSolution
		HideSolutionNode = FALSE
	EndGlobalSection
	GlobalSection(ExtensibilityGlobals) = postSolution
		SolutionGuid = {A00351C2-96CA-4E90-8424-63E84A7E4F82}
	EndGlobalSection
EndGlobal
